// !$*UTF8*$!
{
	archiveVersion = 1;
	classes = {};
	objectVersion = 56;
	objects = {
		12BE6F43C250EA1C0ABFBF32 = { isa = PBXFileReference; lastKnownFileType = sourcecode.swift; path = "AppDelegate.swift"; sourceTree = "<group>"; };
		8C639BA29C6D0E583C1EC368 = { isa = PBXFileReference; lastKnownFileType = sourcecode.swift; path = "SceneDelegate.swift"; sourceTree = "<group>"; };
		E9FE22CFAC522CD56D4865B2 = { isa = PBXFileReference; lastKnownFileType = sourcecode.swift; path = "DatabaseBridge.swift"; sourceTree = "<group>"; };
		B88F7505396E2FC19D2C0AAF = { isa = PBXFileReference; lastKnownFileType = sourcecode.swift; path = "SnapshotReader.swift"; sourceTree = "<group>"; };
		ED581CA8901349D6CD37845D = { isa = PBXFileReference; lastKnownFileType = sourcecode.swift; path = "DeviceDatabase.swift"; sourceTree = "<group>"; };
		481E4B33CAC8B1998D2E4BA0 = { isa = PBXFileReference; lastKnownFileType = sourcecode.c.objc; path = "GeneratedPluginRegistrant.m"; sourceTree = "<group>"; };
		68E77A9D7BC78A97D4F4E27B = { isa = PBXFileReference; lastKnownFileType = text.xml; path = "Info.plist"; sourceTree = "<group>"; };
		66965B14E92E844A4DC493CA = { isa = PBXFileReference; lastKnownFileType = sourcecode.c.h; path = "Runner-Bridging-Header.h"; sourceTree = "<group>"; };
		C93292A87FE057C6B9457599 = { isa = PBXFileReference; lastKnownFileType = sourcecode.c.h; path = "GeneratedPluginRegistrant.h"; sourceTree = "<group>"; };
		6C36FFE920F24CEDB7CFDBFC = { isa = PBXFileReference; lastKnownFileType = folder.assetcatalog; path = "Assets.xcassets"; sourceTree = "<group>"; };
		0BDFC2392C4F9A401DB5348F = { isa = PBXFileReference; lastKnownFileType = text.xml; path = "PrivacyInfo.xcprivacy"; sourceTree = "<group>"; };
		A9B47589F1C47027677602E0 = { isa = PBXBuildFile; fileRef = 12BE6F43C250EA1C0ABFBF32; };
		29ADE655EE5D037C2642B1B7 = { isa = PBXBuildFile; fileRef = 8C639BA29C6D0E583C1EC368; };
		4DDD79CAD7DAF0A54E6874B9 = { isa = PBXBuildFile; fileRef = E9FE22CFAC522CD56D4865B2; };
		416A710D566AEC4E0263478B = { isa = PBXBuildFile; fileRef = B88F7505396E2FC19D2C0AAF; };
		7CB36AC37B4D2012F1112536 = { isa = PBXBuildFile; fileRef = ED581CA8901349D6CD37845D; };
		F38FA8F6D28E97363A2694C4 = { isa = PBXBuildFile; fileRef = 481E4B33CAC8B1998D2E4BA0; };
		222F0DBFFE5EB23DCD3FD16F = { isa = PBXBuildFile; fileRef = 6C36FFE920F24CEDB7CFDBFC; };
		ECEEA0346EA710E5EAA22643 = { isa = PBXBuildFile; fileRef = 0BDFC2392C4F9A401DB5348F; };
		8381A2F3105BC5304BE22278 = { isa = PBXFileReference; lastKnownFileType = file.storyboard; name = Base; path = "Base.lproj/Main.storyboard"; sourceTree = "<group>"; };
		DE1DB2B4808D0ED310002FDF = { isa = PBXVariantGroup; children = (8381A2F3105BC5304BE22278); name = "Main.storyboard"; sourceTree = "<group>"; };
		12329BBE10661D181B151253 = { isa = PBXBuildFile; fileRef = DE1DB2B4808D0ED310002FDF; };
		1C4AAE659CAD2E5F738C38C8 = { isa = PBXFileReference; lastKnownFileType = file.storyboard; name = Base; path = "Base.lproj/LaunchScreen.storyboard"; sourceTree = "<group>"; };
		4CF500BED1336202D905620C = { isa = PBXVariantGroup; children = (1C4AAE659CAD2E5F738C38C8); name = "LaunchScreen.storyboard"; sourceTree = "<group>"; };
		8A24E2FBB6B04F1C1081E292 = { isa = PBXBuildFile; fileRef = 4CF500BED1336202D905620C; };
		4BC6F2F4F1113402C94EA35B = { isa = PBXFileReference; lastKnownFileType = text.xcconfig; path = "Debug.xcconfig"; sourceTree = "<group>"; };
		FAFA41EA9E746F740A28F7AB = { isa = PBXFileReference; lastKnownFileType = text.xcconfig; path = "Release.xcconfig"; sourceTree = "<group>"; };
		8F3AF06D6BCCB0E3FAF0AA14 = { isa = PBXFileReference; lastKnownFileType = text.xcconfig; path = "Profile.xcconfig"; sourceTree = "<group>"; };
		F2CF9B3BA70C2DC0560E34A1 = { isa = PBXFileReference; lastKnownFileType = text.xcconfig; path = "Generated.xcconfig"; sourceTree = "<group>"; };
		9B4EEB53A84B7C8B742DAFBF = { isa = PBXFileReference; lastKnownFileType = text.plist.xml; path = "AppFrameworkInfo.plist"; sourceTree = "<group>"; };
		38A007151ABE87CC01A5B6E9 = { isa = PBXFileReference; explicitFileType = wrapper.application; includeInIndex = 0; path = Runner.app; sourceTree = BUILT_PRODUCTS_DIR; };
		6D64A5EE3D4875588BFD6DFD = { isa = PBXFileReference; lastKnownFileType = sourcecode.text-based-dylib-definition; name = libsqlite3.tbd; path = usr/lib/libsqlite3.tbd; sourceTree = SDKROOT; };
		894762264AEA1815728A1C48 = { isa = PBXBuildFile; fileRef = 6D64A5EE3D4875588BFD6DFD; };
		7561BFB015D8F536760CB671 = { isa = PBXFrameworksBuildPhase; buildActionMask = 2147483647; files = (894762264AEA1815728A1C48); runOnlyForDeploymentPostprocessing = 0; };
		BCE16DD0260827ECF338C787 = { isa = PBXSourcesBuildPhase; buildActionMask = 2147483647; files = (A9B47589F1C47027677602E0, 29ADE655EE5D037C2642B1B7, 4DDD79CAD7DAF0A54E6874B9, 416A710D566AEC4E0263478B, 7CB36AC37B4D2012F1112536, F38FA8F6D28E97363A2694C4); runOnlyForDeploymentPostprocessing = 0; };
		0189424A5A60FED329FA868E = { isa = PBXResourcesBuildPhase; buildActionMask = 2147483647; files = (222F0DBFFE5EB23DCD3FD16F, ECEEA0346EA710E5EAA22643, 12329BBE10661D181B151253, 8A24E2FBB6B04F1C1081E292); runOnlyForDeploymentPostprocessing = 0; };
		E482A8EA992F27459FEACE96 = { isa = PBXShellScriptBuildPhase; alwaysOutOfDate = 1; buildActionMask = 2147483647; files = (); inputPaths = (); name = "Run Script"; outputPaths = (); runOnlyForDeploymentPostprocessing = 0; shellPath = /bin/sh; shellScript = "/bin/sh \"$FLUTTER_ROOT/packages/flutter_tools/bin/xcode_backend.sh\" build"; };
		78EEA5AF5EC6BB5C501EB933 = { isa = PBXShellScriptBuildPhase; alwaysOutOfDate = 1; buildActionMask = 2147483647; files = (); inputPaths = (); name = "Thin Binary"; outputPaths = (); runOnlyForDeploymentPostprocessing = 0; shellPath = /bin/sh; shellScript = "/bin/sh \"$FLUTTER_ROOT/packages/flutter_tools/bin/xcode_backend.sh\" embed_and_thin"; };
		7CEEBCAAE630C7CF40172CAF = { isa = PBXGroup; children = (12BE6F43C250EA1C0ABFBF32, 8C639BA29C6D0E583C1EC368, E9FE22CFAC522CD56D4865B2, B88F7505396E2FC19D2C0AAF, ED581CA8901349D6CD37845D, 481E4B33CAC8B1998D2E4BA0, C93292A87FE057C6B9457599, 66965B14E92E844A4DC493CA, 68E77A9D7BC78A97D4F4E27B, 6C36FFE920F24CEDB7CFDBFC, 0BDFC2392C4F9A401DB5348F, DE1DB2B4808D0ED310002FDF, 4CF500BED1336202D905620C); path = Runner; sourceTree = "<group>"; };
		034EC83CB62074E34E0BE2D6 = { isa = PBXGroup; children = (4BC6F2F4F1113402C94EA35B, FAFA41EA9E746F740A28F7AB, 8F3AF06D6BCCB0E3FAF0AA14, F2CF9B3BA70C2DC0560E34A1, 9B4EEB53A84B7C8B742DAFBF); name = Flutter; path = Flutter; sourceTree = "<group>"; };
		1EE63A94BAD0DF0FCB0E7B8C = { isa = PBXGroup; children = (38A007151ABE87CC01A5B6E9); name = Products; sourceTree = "<group>"; };
		6B24C37FA8C0EB675FCB35AE = { isa = PBXGroup; children = (6D64A5EE3D4875588BFD6DFD); name = Frameworks; sourceTree = "<group>"; };
		B28B7AF69320201D1CF206EB = { isa = PBXGroup; children = (034EC83CB62074E34E0BE2D6, 7CEEBCAAE630C7CF40172CAF, 1EE63A94BAD0DF0FCB0E7B8C, 6B24C37FA8C0EB675FCB35AE); sourceTree = "<group>"; };
		1C6332C759B35B5B3487F3CD = { isa = XCBuildConfiguration; buildSettings = { ALWAYS_SEARCH_USER_PATHS = NO; CLANG_ENABLE_MODULES = YES; CLANG_ENABLE_OBJC_ARC = YES; CLANG_CXX_LANGUAGE_STANDARD = "gnu++17"; GCC_C_LANGUAGE_STANDARD = gnu11; IPHONEOS_DEPLOYMENT_TARGET = 15.0; SDKROOT = iphoneos; ENABLE_USER_SCRIPT_SANDBOXING = NO; DEBUG_INFORMATION_FORMAT = dwarf; ENABLE_TESTABILITY = YES; GCC_OPTIMIZATION_LEVEL = 0; ONLY_ACTIVE_ARCH = YES; SWIFT_OPTIMIZATION_LEVEL = "-Onone";  }; name = Debug; };
		7764EB5A7A6AA1F9B09EA8A3 = { isa = XCBuildConfiguration; baseConfigurationReference = 4BC6F2F4F1113402C94EA35B; buildSettings = { ASSETCATALOG_COMPILER_APPICON_NAME = AppIcon; CLANG_ENABLE_MODULES = YES; CODE_SIGN_STYLE = Automatic; CURRENT_PROJECT_VERSION = "$(FLUTTER_BUILD_NUMBER)"; ENABLE_BITCODE = NO; ENABLE_USER_SCRIPT_SANDBOXING = NO; INFOPLIST_FILE = Runner/Info.plist; IPHONEOS_DEPLOYMENT_TARGET = 15.0; LD_RUNPATH_SEARCH_PATHS = ("$(inherited)", "@executable_path/Frameworks"); PRODUCT_BUNDLE_IDENTIFIER = com.pezezzle.testmasterviewer; PRODUCT_NAME = "$(TARGET_NAME)"; SWIFT_OBJC_BRIDGING_HEADER = "Runner/Runner-Bridging-Header.h"; SWIFT_VERSION = 5.0; TARGETED_DEVICE_FAMILY = "1,2"; VERSIONING_SYSTEM = "apple-generic";  }; name = Debug; };
		8B7212A5EF49F64ACD4F072A = { isa = XCBuildConfiguration; buildSettings = { ALWAYS_SEARCH_USER_PATHS = NO; CLANG_ENABLE_MODULES = YES; CLANG_ENABLE_OBJC_ARC = YES; CLANG_CXX_LANGUAGE_STANDARD = "gnu++17"; GCC_C_LANGUAGE_STANDARD = gnu11; IPHONEOS_DEPLOYMENT_TARGET = 15.0; SDKROOT = iphoneos; ENABLE_USER_SCRIPT_SANDBOXING = NO; DEBUG_INFORMATION_FORMAT = "dwarf-with-dsym"; ENABLE_NS_ASSERTIONS = NO; SWIFT_COMPILATION_MODE = wholemodule; SWIFT_OPTIMIZATION_LEVEL = "-O";  }; name = Release; };
		62AF9114B2C68181F428DB09 = { isa = XCBuildConfiguration; baseConfigurationReference = FAFA41EA9E746F740A28F7AB; buildSettings = { ASSETCATALOG_COMPILER_APPICON_NAME = AppIcon; CLANG_ENABLE_MODULES = YES; CODE_SIGN_STYLE = Automatic; CURRENT_PROJECT_VERSION = "$(FLUTTER_BUILD_NUMBER)"; ENABLE_BITCODE = NO; ENABLE_USER_SCRIPT_SANDBOXING = NO; INFOPLIST_FILE = Runner/Info.plist; IPHONEOS_DEPLOYMENT_TARGET = 15.0; LD_RUNPATH_SEARCH_PATHS = ("$(inherited)", "@executable_path/Frameworks"); PRODUCT_BUNDLE_IDENTIFIER = com.pezezzle.testmasterviewer; PRODUCT_NAME = "$(TARGET_NAME)"; SWIFT_OBJC_BRIDGING_HEADER = "Runner/Runner-Bridging-Header.h"; SWIFT_VERSION = 5.0; TARGETED_DEVICE_FAMILY = "1,2"; VERSIONING_SYSTEM = "apple-generic";  }; name = Release; };
		41F58B0D1E950EC619057D95 = { isa = XCBuildConfiguration; buildSettings = { ALWAYS_SEARCH_USER_PATHS = NO; CLANG_ENABLE_MODULES = YES; CLANG_ENABLE_OBJC_ARC = YES; CLANG_CXX_LANGUAGE_STANDARD = "gnu++17"; GCC_C_LANGUAGE_STANDARD = gnu11; IPHONEOS_DEPLOYMENT_TARGET = 15.0; SDKROOT = iphoneos; ENABLE_USER_SCRIPT_SANDBOXING = NO; DEBUG_INFORMATION_FORMAT = "dwarf-with-dsym"; ENABLE_NS_ASSERTIONS = NO; SWIFT_COMPILATION_MODE = wholemodule; SWIFT_OPTIMIZATION_LEVEL = "-O";  }; name = Profile; };
		7740320158D20F505724A9C3 = { isa = XCBuildConfiguration; baseConfigurationReference = 8F3AF06D6BCCB0E3FAF0AA14; buildSettings = { ASSETCATALOG_COMPILER_APPICON_NAME = AppIcon; CLANG_ENABLE_MODULES = YES; CODE_SIGN_STYLE = Automatic; CURRENT_PROJECT_VERSION = "$(FLUTTER_BUILD_NUMBER)"; ENABLE_BITCODE = NO; ENABLE_USER_SCRIPT_SANDBOXING = NO; INFOPLIST_FILE = Runner/Info.plist; IPHONEOS_DEPLOYMENT_TARGET = 15.0; LD_RUNPATH_SEARCH_PATHS = ("$(inherited)", "@executable_path/Frameworks"); PRODUCT_BUNDLE_IDENTIFIER = com.pezezzle.testmasterviewer; PRODUCT_NAME = "$(TARGET_NAME)"; SWIFT_OBJC_BRIDGING_HEADER = "Runner/Runner-Bridging-Header.h"; SWIFT_VERSION = 5.0; TARGETED_DEVICE_FAMILY = "1,2"; VERSIONING_SYSTEM = "apple-generic";  }; name = Profile; };
		BC7E287B75C6D3E574547D08 = { isa = XCConfigurationList; buildConfigurations = (1C6332C759B35B5B3487F3CD, 8B7212A5EF49F64ACD4F072A, 41F58B0D1E950EC619057D95); defaultConfigurationIsVisible = 0; defaultConfigurationName = Release; };
		60EA43DB068BD71C9709BED5 = { isa = XCConfigurationList; buildConfigurations = (7764EB5A7A6AA1F9B09EA8A3, 62AF9114B2C68181F428DB09, 7740320158D20F505724A9C3); defaultConfigurationIsVisible = 0; defaultConfigurationName = Release; };
		0E8A3AD980EC179856012B7E = { isa = PBXNativeTarget; buildConfigurationList = 60EA43DB068BD71C9709BED5; buildPhases = (E482A8EA992F27459FEACE96, BCE16DD0260827ECF338C787, 7561BFB015D8F536760CB671, 0189424A5A60FED329FA868E, 78EEA5AF5EC6BB5C501EB933); buildRules = (); dependencies = (); name = Runner; productName = Runner; productReference = 38A007151ABE87CC01A5B6E9; productType = "com.apple.product-type.application"; };
		98F54143AB4E86B28C3AFEE0 = { isa = PBXProject; attributes = { BuildIndependentTargetsInParallel = YES; LastUpgradeCheck = 1600; LastSwiftUpdateCheck = 1600; TargetAttributes = { 0E8A3AD980EC179856012B7E = { CreatedOnToolsVersion = 16.0; LastSwiftMigration = 1600; }; }; }; buildConfigurationList = BC7E287B75C6D3E574547D08; compatibilityVersion = "Xcode 14.0"; developmentRegion = en; hasScannedForEncodings = 0; knownRegions = (en, Base, de); mainGroup = B28B7AF69320201D1CF206EB; productRefGroup = 1EE63A94BAD0DF0FCB0E7B8C; projectDirPath = ""; projectRoot = ""; targets = (0E8A3AD980EC179856012B7E); };
	};
	rootObject = 98F54143AB4E86B28C3AFEE0;
}
